// !$*UTF8*$!
{
	archiveVersion = 1;
	classes = {
	};
	objectVersion = 77;
	objects = {

/* Begin PBXContainerItemProxy section */
		E57F1EA02E23A1870069902F /* PBXContainerItemProxy */ = {
			isa = PBXContainerItemProxy;
			containerPortal = E57F1E8A2E23A1850069902F /* Project object */;
			proxyType = 1;
			remoteGlobalIDString = E57F1E912E23A1850069902F;
			remoteInfo = IOSTranslationDemo;
		};
		E57F1EAA2E23A1870069902F /* PBXContainerItemProxy */ = {
			isa = PBXContainerItemProxy;
			containerPortal = E57F1E8A2E23A1850069902F /* Project object */;
			proxyType = 1;
			remoteGlobalIDString = E57F1E912E23A1850069902F;
			remoteInfo = IOSTranslationDemo;
		};
/* End PBXContainerItemProxy section */

/* Begin PBXFileReference section */
		E57F1E922E23A1850069902F /* IOSTranslationDemo.app */ = {isa = PBXFileReference; explicitFileType = wrapper.application; includeInIndex = 0; path = IOSTranslationDemo.app; sourceTree = BUILT_PRODUCTS_DIR; };
		E57F1E9F2E23A1870069902F /* IOSTranslationDemoTests.xctest */ = {isa = PBXFileReference; explicitFileType = wrapper.cfbundle; includeInIndex = 0; path = IOSTranslationDemoTests.xctest; sourceTree = BUILT_PRODUCTS_DIR; };
		E57F1EA92E23A1870069902F /* IOSTranslationDemoUITests.xctest */ = {isa = PBXFileReference; explicitFileType = wrapper.cfbundle; includeInIndex = 0; path = IOSTranslationDemoUITests.xctest; sourceTree = BUILT_PRODUCTS_DIR; };
/* End PBXFileReference section */

/* Begin PBXFileSystemSynchronizedRootGroup section */
		E57F1E942E23A1850069902F /* IOSTranslationDemo */ = {
			isa = PBXFileSystemSynchronizedRootGroup;
			path = IOSTranslationDemo;
			sourceTree = "<group>";
		};
		E57F1EA22E23A1870069902F /* IOSTranslationDemoTests */ = {
			isa = PBXFileSystemSynchronizedRootGroup;
			path = IOSTranslationDemoTests;
			sourceTree = "<group>";
		};
		E57F1EAC2E23A1870069902F /* IOSTranslationDemoUITests */ = {
			isa = PBXFileSystemSynchronizedRootGroup;
			path = IOSTranslationDemoUITests;
			sourceTree = "<group>";
		};
/* End PBXFileSystemSynchronizedRootGroup section */

/* Begin PBXFrameworksBuildPhase section */
		E57F1E8F2E23A1850069902F /* Frameworks */ = {
			isa = PBXFrameworksBuildPhase;
			buildActionMask = 2147483647;
			files = (
			);
			runOnlyForDeploymentPostprocessing = 0;
		};
		E57F1E9C2E23A1870069902F /* Frameworks */ = {
			isa = PBXFrameworksBuildPhase;
			buildActionMask = 2147483647;
			files = (
			);
			runOnlyForDeploymentPostprocessing = 0;
		};
		E57F1EA62E23A1870069902F /* Frameworks */ = {
			isa = PBXFrameworksBuildPhase;
			buildActionMask = 2147483647;
			files = (
			);
			runOnlyForDeploymentPostprocessing = 0;
		};
/* End PBXFrameworksBuildPhase section */

/* Begin PBXGroup section */
		E57F1E892E23A1850069902F = {
			isa = PBXGroup;
			children = (
				E57F1E942E23A1850069902F /* IOSTranslationDemo */,
				E57F1EA22E23A1870069902F /* IOSTranslationDemoTests */,
				E57F1EAC2E23A1870069902F /* IOSTranslationDemoUITests */,
				E57F1E932E23A1850069902F /* Products */,
			);
			sourceTree = "<group>";
		};
		E57F1E932E23A1850069902F /* Products */ = {
			isa = PBXGroup;
			children = (
				E57F1E922E23A1850069902F /* IOSTranslationDemo.app */,
				E57F1E9F2E23A1870069902F /* IOSTranslationDemoTests.xctest */,
				E57F1EA92E23A1870069902F /* IOSTranslationDemoUITests.xctest */,
			);
			name = Products;
			sourceTree = "<group>";
		};
/* End PBXGroup section */

/* Begin PBXNativeTarget section */
		E57F1E912E23A1850069902F /* IOSTranslationDemo */ = {
			isa = PBXNativeTarget;
			buildConfigurationList = E57F1EB32E23A1870069902F /* Build configuration list for PBXNativeTarget "IOSTranslationDemo" */;
			buildPhases = (
				E57F1E8E2E23A1850069902F /* Sources */,
				E57F1E8F2E23A1850069902F /* Frameworks */,
				E57F1E902E23A1850069902F /* Resources */,
			);
			buildRules = (
			);
			dependencies = (
			);
			fileSystemSynchronizedGroups = (
				E57F1E942E23A1850069902F /* IOSTranslationDemo */,
			);
			name = IOSTranslationDemo;
			packageProductDependencies = (
			);
			productName = IOSTranslationDemo;
			productReference = E57F1E922E23A1850069902F /* IOSTranslationDemo.app */;
			productType = "com.apple.product-type.application";
		};
		E57F1E9E2E23A1870069902F /* IOSTranslationDemoTests */ = {
			isa = PBXNativeTarget;
			buildConfigurationList = E57F1EB62E23A1870069902F /* Build configuration list for PBXNativeTarget "IOSTranslationDemoTests" */;
			buildPhases = (
				E57F1E9B2E23A1870069902F /* Sources */,
				E57F1E9C2E23A1870069902F /* Frameworks */,
				E57F1E9D2E23A1870069902F /* Resources */,
			);
			buildRules = (
			);
			dependencies = (
				E57F1EA12E23A1870069902F /* PBXTargetDependency */,
			);
			fileSystemSynchronizedGroups = (
				E57F1EA22E23A1870069902F /* IOSTranslationDemoTests */,
			);
			name = IOSTranslationDemoTests;
			packageProductDependencies = (
			);
			productName = IOSTranslationDemoTests;
			productReference = E57F1E9F2E23A1870069902F /* IOSTranslationDemoTests.xctest */;
			productType = "com.apple.product-type.bundle.unit-test";
		};
		E57F1EA82E23A1870069902F /* IOSTranslationDemoUITests */ = {
			isa = PBXNativeTarget;
			buildConfigurationList = E57F1EB92E23A1870069902F /* Build configuration list for PBXNativeTarget "IOSTranslationDemoUITests" */;
			buildPhases = (
				E57F1EA52E23A1870069902F /* Sources */,
				E57F1EA62E23A1870069902F /* Frameworks */,
				E57F1EA72E23A1870069902F /* Resources */,
			);
			buildRules = (
			);
			dependencies = (
				E57F1EAB2E23A1870069902F /* PBXTargetDependency */,
			);
			fileSystemSynchronizedGroups = (
				E57F1EAC2E23A1870069902F /* IOSTranslationDemoUITests */,
			);
			name = IOSTranslationDemoUITests;
			packageProductDependencies = (
			);
			productName = IOSTranslationDemoUITests;
			productReference = E57F1EA92E23A1870069902F /* IOSTranslationDemoUITests.xctest */;
			productType = "com.apple.product-type.bundle.ui-testing";
		};
/* End PBXNativeTarget section */

/* Begin PBXProject section */
		E57F1E8A2E23A1850069902F /* Project object */ = {
			isa = PBXProject;
			attributes = {
				BuildIndependentTargetsInParallel = 1;
				LastSwiftUpdateCheck = 1640;
				LastUpgradeCheck = 1640;
				TargetAttributes = {
					E57F1E912E23A1850069902F = {
						CreatedOnToolsVersion = 16.4;
					};
					E57F1E9E2E23A1870069902F = {
						CreatedOnToolsVersion = 16.4;
						TestTargetID = E57F1E912E23A1850069902F;
					};
					E57F1EA82E23A1870069902F = {
						CreatedOnToolsVersion = 16.4;
						TestTargetID = E57F1E912E23A1850069902F;
					};
				};
			};
			buildConfigurationList = E57F1E8D2E23A1850069902F /* Build configuration list for PBXProject "IOSTranslationDemo" */;
			developmentRegion = en;
			hasScannedForEncodings = 0;
			knownRegions = (
				en,
				Base,
			);
			mainGroup = E57F1E892E23A1850069902F;
			minimizedProjectReferenceProxies = 1;
			preferredProjectObjectVersion = 77;
			productRefGroup = E57F1E932E23A1850069902F /* Products */;
			projectDirPath = "";
			projectRoot = "";
			targets = (
				E57F1E912E23A1850069902F /* IOSTranslationDemo */,
				E57F1E9E2E23A1870069902F /* IOSTranslationDemoTests */,
				E57F1EA82E23A1870069902F /* IOSTranslationDemoUITests */,
			);
		};
/* End PBXProject section */

/* Begin PBXResourcesBuildPhase section */
		E57F1E902E23A1850069902F /* Resources */ = {
			isa = PBXResourcesBuildPhase;
			buildActionMask = 2147483647;
			files = (
			);
			runOnlyForDeploymentPostprocessing = 0;
		};
		E57F1E9D2E23A1870069902F /* Resources */ = {
			isa = PBXResourcesBuildPhase;
			buildActionMask = 2147483647;
			files = (
			);
			runOnlyForDeploymentPostprocessing = 0;
		};
		E57F1EA72E23A1870069902F /* Resources */ = {
			isa = PBXResourcesBuildPhase;
			buildActionMask = 2147483647;
			files = (
			);
			runOnlyForDeploymentPostprocessing = 0;
		};
/* End PBXResourcesBuildPhase section */

/* Begin PBXSourcesBuildPhase section */
		E57F1E8E2E23A1850069902F /* Sources */ = {
			isa = PBXSourcesBuildPhase;
			buildActionMask = 2147483647;
			files = (
			);
			runOnlyForDeploymentPostprocessing = 0;
		};
		E57F1E9B2E23A1870069902F /* Sources */ = {
			isa = PBXSourcesBuildPhase;
			buildActionMask = 2147483647;
			files = (
			);
			runOnlyForDeploymentPostprocessing = 0;
		};
		E57F1EA52E23A1870069902F /* Sources */ = {
			isa = PBXSourcesBuildPhase;
			buildActionMask = 2147483647;
			files = (
			);
			runOnlyForDeploymentPostprocessing = 0;
		};
/* End PBXSourcesBuildPhase section */

/* Begin PBXTargetDependency section */
		E57F1EA12E23A1870069902F /* PBXTargetDependency */ = {
			isa = PBXTargetDependency;
			target = E57F1E912E23A1850069902F /* IOSTranslationDemo */;
			targetProxy = E57F1EA02E23A1870069902F /* PBXContainerItemProxy */;
		};
		E57F1EAB2E23A1870069902F /* PBXTargetDependency */ = {
			isa = PBXTargetDependency;
			target = E57F1E912E23A1850069902F /* IOSTranslationDemo */;
			targetProxy = E57F1EAA2E23A1870069902F /* PBXContainerItemProxy */;
		};
/* End PBXTargetDependency section */

/* Begin XCBuildConfiguration section */
		E57F1EB12E23A1870069902F /* Debug */ = {
			isa = XCBuildConfiguration;
			buildSettings = {
				ALWAYS_SEARCH_USER_PATHS = NO;
				ASSETCATALOG_COMPILER_GENERATE_SWIFT_ASSET_SYMBOL_EXTENSIONS = YES;
				CLANG_ANALYZER_NONNULL = YES;
				CLANG_ANALYZER_NUMBER_OBJECT_CONVERSION = YES_AGGRESSIVE;
				CLANG_CXX_LANGUAGE_STANDARD = "gnu++20";
				CLANG_ENABLE_MODULES = YES;
				CLANG_ENABLE_OBJC_ARC = YES;
				CLANG_ENABLE_OBJC_WEAK = YES;
				CLANG_WARN_BLOCK_CAPTURE_AUTORELEASING = YES;
				CLANG_WARN_BOOL_CONVERSION = YES;
				CLANG_WARN_COMMA = YES;
				CLANG_WARN_CONSTANT_CONVERSION = YES;
				CLANG_WARN_DEPRECATED_OBJC_IMPLEMENTATIONS = YES;
				CLANG_WARN_DIRECT_OBJC_ISA_USAGE = YES_ERROR;
				CLANG_WARN_DOCUMENTATION_COMMENTS = YES;
				CLANG_WARN_EMPTY_BODY = YES;
				CLANG_WARN_ENUM_CONVERSION = YES;
				CLANG_WARN_INFINITE_RECURSION = YES;
				CLANG_WARN_INT_CONVERSION = YES;
				CLANG_WARN_NON_LITERAL_NULL_CONVERSION = YES;
				CLANG_WARN_OBJC_IMPLICIT_RETAIN_SELF = YES;
				CLANG_WARN_OBJC_LITERAL_CONVERSION = YES;
				CLANG_WARN_OBJC_ROOT_CLASS = YES_ERROR;
				CLANG_WARN_QUOTED_INCLUDE_IN_FRAMEWORK_HEADER = YES;
				CLANG_WARN_RANGE_LOOP_ANALYSIS = YES;
				CLANG_WARN_STRICT_PROTOTYPES = YES;
				CLANG_WARN_SUSPICIOUS_MOVE = YES;
				CLANG_WARN_UNGUARDED_AVAILABILITY = YES_AGGRESSIVE;
				CLANG_WARN_UNREACHABLE_CODE = YES;
				CLANG_WARN__DUPLICATE_METHOD_MATCH = YES;
				COPY_PHASE_STRIP = NO;
				DEBUG_INFORMATION_FORMAT = dwarf;
				ENABLE_STRICT_OBJC_MSGSEND = YES;
				ENABLE_TESTABILITY = YES;
				ENABLE_USER_SCRIPT_SANDBOXING = YES;
				GCC_C_LANGUAGE_STANDARD = gnu17;
				GCC_DYNAMIC_NO_PIC = NO;
				GCC_NO_COMMON_BLOCKS = YES;
				GCC_OPTIMIZATION_LEVEL = 0;
				GCC_PREPROCESSOR_DEFINITIONS = (
					"DEBUG=1",
					"$(inherited)",
				);
				GCC_WARN_64_TO_32_BIT_CONVERSION = YES;
				GCC_WARN_ABOUT_RETURN_TYPE = YES_ERROR;
				GCC_WARN_UNDECLARED_SELECTOR = YES;
				GCC_WARN_UNINITIALIZED_AUTOS = YES_AGGRESSIVE;
				GCC_WARN_UNUSED_FUNCTION = YES;
				GCC_WARN_UNUSED_VARIABLE = YES;
				IPHONEOS_DEPLOYMENT_TARGET = 18.5;
				LOCALIZATION_PREFERS_STRING_CATALOGS = YES;
				MTL_ENABLE_DEBUG_INFO = INCLUDE_SOURCE;
				MTL_FAST_MATH = YES;
				ONLY_ACTIVE_ARCH = YES;
				SDKROOT = iphoneos;
				SWIFT_ACTIVE_COMPILATION_CONDITIONS = "DEBUG $(inherited)";
				SWIFT_OPTIMIZATION_LEVEL = "-Onone";
			};
			name = Debug;
		};
		E57F1EB22E23A1870069902F /* Release */ = {
			isa = XCBuildConfiguration;
			buildSettings = {
				ALWAYS_SEARCH_USER_PATHS = NO;
				ASSETCATALOG_COMPILER_GENERATE_SWIFT_ASSET_SYMBOL_EXTENSIONS = YES;
				CLANG_ANALYZER_NONNULL = YES;
				CLANG_ANALYZER_NUMBER_OBJECT_CONVERSION = YES_AGGRESSIVE;
				CLANG_CXX_LANGUAGE_STANDARD = "gnu++20";
				CLANG_ENABLE_MODULES = YES;
				CLANG_ENABLE_OBJC_ARC = YES;
				CLANG_ENABLE_OBJC_WEAK = YES;
				CLANG_WARN_BLOCK_CAPTURE_AUTORELEASING = YES;
				CLANG_WARN_BOOL_CONVERSION = YES;
				CLANG_WARN_COMMA = YES;
				CLANG_WARN_CONSTANT_CONVERSION = YES;
				CLANG_WARN_DEPRECATED_OBJC_IMPLEMENTATIONS = YES;
				CLANG_WARN_DIRECT_OBJC_ISA_USAGE = YES_ERROR;
				CLANG_WARN_DOCUMENTATION_COMMENTS = YES;
				CLANG_WARN_EMPTY_BODY = YES;
				CLANG_WARN_ENUM_CONVERSION = YES;
				CLANG_WARN_INFINITE_RECURSION = YES;
				CLANG_WARN_INT_CONVERSION = YES;
				CLANG_WARN_NON_LITERAL_NULL_CONVERSION = YES;
				CLANG_WARN_OBJC_IMPLICIT_RETAIN_SELF = YES;
				CLANG_WARN_OBJC_LITERAL_CONVERSION = YES;
				CLANG_WARN_OBJC_ROOT_CLASS = YES_ERROR;
				CLANG_WARN_QUOTED_INCLUDE_IN_FRAMEWORK_HEADER = YES;
				CLANG_WARN_RANGE_LOOP_ANALYSIS = YES;
				CLANG_WARN_STRICT_PROTOTYPES = YES;
				CLANG_WARN_SUSPICIOUS_MOVE = YES;
				CLANG_WARN_UNGUARDED_AVAILABILITY = YES_AGGRESSIVE;
				CLANG_WARN_UNREACHABLE_CODE = YES;
				CLANG_WARN__DUPLICATE_METHOD_MATCH = YES;
				COPY_PHASE_STRIP = NO;
				DEBUG_INFORMATION_FORMAT = "dwarf-with-dsym";
				ENABLE_NS_ASSERTIONS = NO;
				ENABLE_STRICT_OBJC_MSGSEND = YES;
				ENABLE_USER_SCRIPT_SANDBOXING = YES;
				GCC_C_LANGUAGE_STANDARD = gnu17;
				GCC_NO_COMMON_BLOCKS = YES;
				GCC_WARN_64_TO_32_BIT_CONVERSION = YES;
				GCC_WARN_ABOUT_RETURN_TYPE = YES_ERROR;
				GCC_WARN_UNDECLARED_SELECTOR = YES;
				GCC_WARN_UNINITIALIZED_AUTOS = YES_AGGRESSIVE;
				GCC_WARN_UNUSED_FUNCTION = YES;
				GCC_WARN_UNUSED_VARIABLE = YES;
				IPHONEOS_DEPLOYMENT_TARGET = 18.5;
				LOCALIZATION_PREFERS_STRING_CATALOGS = YES;
				MTL_ENABLE_DEBUG_INFO = NO;
				MTL_FAST_MATH = YES;
				SDKROOT = iphoneos;
				SWIFT_COMPILATION_MODE = wholemodule;
				VALIDATE_PRODUCT = YES;
			};
			name = Release;
		};
		E57F1EB42E23A1870069902F /* Debug */ = {
			isa = XCBuildConfiguration;
			buildSettings = {
				ASSETCATALOG_COMPILER_APPICON_NAME = AppIcon;
				ASSETCATALOG_COMPILER_GLOBAL_ACCENT_COLOR_NAME = AccentColor;
				CODE_SIGN_STYLE = Automatic;
				CURRENT_PROJECT_VERSION = 1;
				ENABLE_PREVIEWS = YES;
				GENERATE_INFOPLIST_FILE = YES;
				INFOPLIST_KEY_UIApplicationSceneManifest_Generation = YES;
				INFOPLIST_KEY_UIApplicationSupportsIndirectInputEvents = YES;
				INFOPLIST_KEY_UILaunchScreen_Generation = YES;
				INFOPLIST_KEY_UISupportedInterfaceOrientations_iPad = "UIInterfaceOrientationPortrait UIInterfaceOrientationPortraitUpsideDown UIInterfaceOrientationLandscapeLeft UIInterfaceOrientationLandscapeRight";
				INFOPLIST_KEY_UISupportedInterfaceOrientations_iPhone = "UIInterfaceOrientationPortrait UIInterfaceOrientationLandscapeLeft UIInterfaceOrientationLandscapeRight";
				LD_RUNPATH_SEARCH_PATHS = (
					"$(inherited)",
					"@executable_path/Frameworks",
				);
				MARKETING_VERSION = 1.0;
				PRODUCT_BUNDLE_IDENTIFIER = com.osamamersal.IOSTranslationDemo;
				PRODUCT_NAME = "$(TARGET_NAME)";
				SWIFT_EMIT_LOC_STRINGS = YES;
				SWIFT_VERSION = 5.0;
				TARGETED_DEVICE_FAMILY = "1,2";
			};
			name = Debug;
		};
		E57F1EB52E23A1870069902F /* Release */ = {
			isa = XCBuildConfiguration;
			buildSettings = {
				ASSETCATALOG_COMPILER_APPICON_NAME = AppIcon;
				ASSETCATALOG_COMPILER_GLOBAL_ACCENT_COLOR_NAME = AccentColor;
				CODE_SIGN_STYLE = Automatic;
				CURRENT_PROJECT_VERSION = 1;
				ENABLE_PREVIEWS = YES;
				GENERATE_INFOPLIST_FILE = YES;
				INFOPLIST_KEY_UIApplicationSceneManifest_Generation = YES;
				INFOPLIST_KEY_UIApplicationSupportsIndirectInputEvents = YES;
				INFOPLIST_KEY_UILaunchScreen_Generation = YES;
				INFOPLIST_KEY_UISupportedInterfaceOrientations_iPad = "UIInterfaceOrientationPortrait UIInterfaceOrientationPortraitUpsideDown UIInterfaceOrientationLandscapeLeft UIInterfaceOrientationLandscapeRight";
				INFOPLIST_KEY_UISupportedInterfaceOrientations_iPhone = "UIInterfaceOrientationPortrait UIInterfaceOrientationLandscapeLeft UIInterfaceOrientationLandscapeRight";
				LD_RUNPATH_SEARCH_PATHS = (
					"$(inherited)",
					"@executable_path/Frameworks",
				);
				MARKETING_VERSION = 1.0;
				PRODUCT_BUNDLE_IDENTIFIER = com.osamamersal.IOSTranslationDemo;
				PRODUCT_NAME = "$(TARGET_NAME)";
				SWIFT_EMIT_LOC_STRINGS = YES;
				SWIFT_VERSION = 5.0;
				TARGETED_DEVICE_FAMILY = "1,2";
			};
			name = Release;
		};
		E57F1EB72E23A1870069902F /* Debug */ = {
			isa = XCBuildConfiguration;
			buildSettings = {
				BUNDLE_LOADER = "$(TEST_HOST)";
				CODE_SIGN_STYLE = Automatic;
				CURRENT_PROJECT_VERSION = 1;
				GENERATE_INFOPLIST_FILE = YES;
				IPHONEOS_DEPLOYMENT_TARGET = 18.5;
				MARKETING_VERSION = 1.0;
				PRODUCT_BUNDLE_IDENTIFIER = com.osamamersal.IOSTranslationDemoTests;
				PRODUCT_NAME = "$(TARGET_NAME)";
				SWIFT_EMIT_LOC_STRINGS = NO;
				SWIFT_VERSION = 5.0;
				TARGETED_DEVICE_FAMILY = "1,2";
				TEST_HOST = "$(BUILT_PRODUCTS_DIR)/IOSTranslationDemo.app/$(BUNDLE_EXECUTABLE_FOLDER_PATH)/IOSTranslationDemo";
			};
			name = Debug;
		};
		E57F1EB82E23A1870069902F /* Release */ = {
			isa = XCBuildConfiguration;
			buildSettings = {
				BUNDLE_LOADER = "$(TEST_HOST)";
				CODE_SIGN_STYLE = Automatic;
				CURRENT_PROJECT_VERSION = 1;
				GENERATE_INFOPLIST_FILE = YES;
				IPHONEOS_DEPLOYMENT_TARGET = 18.5;
				MARKETING_VERSION = 1.0;
				PRODUCT_BUNDLE_IDENTIFIER = com.osamamersal.IOSTranslationDemoTests;
				PRODUCT_NAME = "$(TARGET_NAME)";
				SWIFT_EMIT_LOC_STRINGS = NO;
				SWIFT_VERSION = 5.0;
				TARGETED_DEVICE_FAMILY = "1,2";
				TEST_HOST = "$(BUILT_PRODUCTS_DIR)/IOSTranslationDemo.app/$(BUNDLE_EXECUTABLE_FOLDER_PATH)/IOSTranslationDemo";
			};
			name = Release;
		};
		E57F1EBA2E23A1870069902F /* Debug */ = {
			isa = XCBuildConfiguration;
			buildSettings = {
				CODE_SIGN_STYLE = Automatic;
				CURRENT_PROJECT_VERSION = 1;
				GENERATE_INFOPLIST_FILE = YES;
				MARKETING_VERSION = 1.0;
				PRODUCT_BUNDLE_IDENTIFIER = com.osamamersal.IOSTranslationDemoUITests;
				PRODUCT_NAME = "$(TARGET_NAME)";
				SWIFT_EMIT_LOC_STRINGS = NO;
				SWIFT_VERSION = 5.0;
				TARGETED_DEVICE_FAMILY = "1,2";
				TEST_TARGET_NAME = IOSTranslationDemo;
			};
			name = Debug;
		};
		E57F1EBB2E23A1870069902F /* Release */ = {
			isa = XCBuildConfiguration;
			buildSettings = {
				CODE_SIGN_STYLE = Automatic;
				CURRENT_PROJECT_VERSION = 1;
				GENERATE_INFOPLIST_FILE = YES;
				MARKETING_VERSION = 1.0;
				PRODUCT_BUNDLE_IDENTIFIER = com.osamamersal.IOSTranslationDemoUITests;
				PRODUCT_NAME = "$(TARGET_NAME)";
				SWIFT_EMIT_LOC_STRINGS = NO;
				SWIFT_VERSION = 5.0;
				TARGETED_DEVICE_FAMILY = "1,2";
				TEST_TARGET_NAME = IOSTranslationDemo;
			};
			name = Release;
		};
/* End XCBuildConfiguration section */

/* Begin XCConfigurationList section */
		E57F1E8D2E23A1850069902F /* Build configuration list for PBXProject "IOSTranslationDemo" */ = {
			isa = XCConfigurationList;
			buildConfigurations = (
				E57F1EB12E23A1870069902F /* Debug */,
				E57F1EB22E23A1870069902F /* Release */,
			);
			defaultConfigurationIsVisible = 0;
			defaultConfigurationName = Release;
		};
		E57F1EB32E23A1870069902F /* Build configuration list for PBXNativeTarget "IOSTranslationDemo" */ = {
			isa = XCConfigurationList;
			buildConfigurations = (
				E57F1EB42E23A1870069902F /* Debug */,
				E57F1EB52E23A1870069902F /* Release */,
			);
			defaultConfigurationIsVisible = 0;
			defaultConfigurationName = Release;
		};
		E57F1EB62E23A1870069902F /* Build configuration list for PBXNativeTarget "IOSTranslationDemoTests" */ = {
			isa = XCConfigurationList;
			buildConfigurations = (
				E57F1EB72E23A1870069902F /* Debug */,
				E57F1EB82E23A1870069902F /* Release */,
			);
			defaultConfigurationIsVisible = 0;
			defaultConfigurationName = Release;
		};
		E57F1EB92E23A1870069902F /* Build configuration list for PBXNativeTarget "IOSTranslationDemoUITests" */ = {
			isa = XCConfigurationList;
			buildConfigurations = (
				E57F1EBA2E23A1870069902F /* Debug */,
				E57F1EBB2E23A1870069902F /* Release */,
			);
			defaultConfigurationIsVisible = 0;
			defaultConfigurationName = Release;
		};
/* End XCConfigurationList section */
	};
	rootObject = E57F1E8A2E23A1850069902F /* Project object */;
}
